
Microsoft Visual Studio Solution File, Format Version 12.00
# Visual Studio Version 16
VisualStudioVersion = 16.0.30503.244
MinimumVisualStudioVersion = 10.0.40219.1
Project("{FAE04EC0-301F-11D3-BF4B-00C04F79EFBC}") = "ClipboardShared", "ClipboardShared\ClipboardShared.csproj", "{009091DC-8A4D-4AFC-9F2D-850A82601B70}"
EndProject
Global
	GlobalSection(SolutionConfigurationPlatforms) = preSolution
		Debug|Any CPU = Debug|Any CPU
		Release|Any CPU = Release|Any CPU
	EndGlobalSection
	GlobalSection(ProjectConfigurationPlatforms) = postSolution
		{009091DC-8A4D-4AFC-9F2D-850A82601B70}.Debug|Any CPU.ActiveCfg = Debug|Any CPU
		{009091DC-8A4D-4AFC-9F2D-850A82601B70}.Debug|Any CPU.Build.0 = Debug|Any CPU
		{009091DC-8A4D-4AFC-9F2D-850A82601B70}.Release|Any CPU.ActiveCfg = Release|Any CPU
		{009091DC-8A4D-4AFC-9F2D-850A82601B70}.Release|Any CPU.Build.0 = Release|Any CPU
	EndGlobalSection
	GlobalSection(SolutionProperties) = preSolution
		HideSolutionNode = FALSE
	EndGlobalSection
	GlobalSection(ExtensibilityGlobals) = postSolution
		SolutionGuid = {EAD61C11-CD03-4EA9-BBB7-38941688D56B}
	EndGlobalSection
EndGlobal
